
Microsoft Visual Studio Solution File, Format Version 12.00
# Visual Studio Version 17
VisualStudioVersion = 17.4.33403.182
MinimumVisualStudioVersion = 10.0.40219.1
Project("{9A19103F-16F7-4668-BE54-9A1E7A4F7556}") = "WebApp", "WebApp\WebApp.csproj", "{ECED112D-4D16-4108-9194-CD6CAE13563E}"
EndProject
Project("{FAE04EC0-301F-11D3-BF4B-00C04F79EFBC}") = "Models", "Models\Models.csproj", "{2754CB89-D74C-443A-9D3D-CA4C5B2FBF22}"
EndProject
Project("{FAE04EC0-301F-11D3-BF4B-00C04F79EFBC}") = "DataAccessLayer", "DataAccessLayer\DataAccessLayer.csproj", "{2AC787F6-4900-4EA7-8B00-7B1A5397A597}"
EndProject
Global
	GlobalSection(SolutionConfigurationPlatforms) = preSolution
		Debug|Any CPU = Debug|Any CPU
		Release|Any CPU = Release|Any CPU
	EndGlobalSection
	GlobalSection(ProjectConfigurationPlatforms) = postSolution
		{ECED112D-4D16-4108-9194-CD6CAE13563E}.Debug|Any CPU.ActiveCfg = Debug|Any CPU
		{ECED112D-4D16-4108-9194-CD6CAE13563E}.Debug|Any CPU.Build.0 = Debug|Any CPU
		{ECED112D-4D16-4108-9194-CD6CAE13563E}.Release|Any CPU.ActiveCfg = Release|Any CPU
		{ECED112D-4D16-4108-9194-CD6CAE13563E}.Release|Any CPU.Build.0 = Release|Any CPU
		{2754CB89-D74C-443A-9D3D-CA4C5B2FBF22}.Debug|Any CPU.ActiveCfg = Debug|Any CPU
		{2754CB89-D74C-443A-9D3D-CA4C5B2FBF22}.Debug|Any CPU.Build.0 = Debug|Any CPU
		{2754CB89-D74C-443A-9D3D-CA4C5B2FBF22}.Release|Any CPU.ActiveCfg = Release|Any CPU
		{2754CB89-D74C-443A-9D3D-CA4C5B2FBF22}.Release|Any CPU.Build.0 = Release|Any CPU
		{2AC787F6-4900-4EA7-8B00-7B1A5397A597}.Debug|Any CPU.ActiveCfg = Debug|Any CPU
		{2AC787F6-4900-4EA7-8B00-7B1A5397A597}.Debug|Any CPU.Build.0 = Debug|Any CPU
		{2AC787F6-4900-4EA7-8B00-7B1A5397A597}.Release|Any CPU.ActiveCfg = Release|Any CPU
		{2AC787F6-4900-4EA7-8B00-7B1A5397A597}.Release|Any CPU.Build.0 = Release|Any CPU
	EndGlobalSection
	GlobalSection(SolutionProperties) = preSolution
		HideSolutionNode = FALSE
	EndGlobalSection
	GlobalSection(ExtensibilityGlobals) = postSolution
		SolutionGuid = {98B2872D-6F7B-4F5A-8E87-3098B01232EB}
	EndGlobalSection
EndGlobal
